{
    "_readme": [
        "This file locks the dependencies of your project to a known state",
        "Read more about it at https://getcomposer.org/doc/01-basic-usage.md#installing-dependencies",
        "This file is @generated automatically"
    ],
    "content-hash": "53df1e1551f9fd31f985f74847f6f858",
    "packages": [
        {
            "name": "topthink/think-template",
            "version": "v2.0.1",
            "source": {
                "type": "git",
                "url": "https://github.com/top-think/think-template.git",
                "reference": "aee66382c62610b11f0694df8b2aef1ba32f064d"
            },
            "dist": {
                "type": "zip",
                "url": "https://api.github.com/repos/top-think/think-template/zipball/aee66382c62610b11f0694df8b2aef1ba32f064d",
                "reference": "aee66382c62610b11f0694df8b2aef1ba32f064d",
                "shasum": "",
                "mirrors": [
                    {
                        "url": "https://dl.laravel-china.org/%package%/%reference%.%type%",
                        "preferred": true
                    }
                ]
            },
            "require": {
                "php": ">=7.1.0"
            },
            "type": "library",
            "autoload": {
                "psr-4": {
                    "think\\": "src"
                }
            },
            "notification-url": "https://packagist.org/downloads/",
            "license": [
                "Apache-2.0"
            ],
            "authors": [
                {
                    "name": "liu21st",
                    "email": "liu21st@gmail.com"
                }
            ],
            "description": "the php template engine",
            "time": "2019-02-20T06:02:13+00:00"
        },
        {
            "name": "workerman/mysql",
            "version": "v1.0.5",
            "source": {
                "type": "git",
                "url": "https://github.com/walkor/mysql.git",
                "reference": "34ac7b3986294197c0fe8142fa450abfebdad779"
            },
            "dist": {
                "type": "zip",
                "url": "https://api.github.com/repos/walkor/mysql/zipball/34ac7b3986294197c0fe8142fa450abfebdad779",
                "reference": "34ac7b3986294197c0fe8142fa450abfebdad779",
                "shasum": "",
                "mirrors": [
                    {
                        "url": "https://dl.laravel-china.org/%package%/%reference%.%type%",
                        "preferred": true
                    }
                ]
            },
            "require": {
                "ext-pdo": "*",
                "ext-pdo_mysql": "*",
                "php": ">=5.3"
            },
            "type": "library",
            "autoload": {
                "psr-4": {
                    "Workerman\\MySQL\\": "./src"
                }
            },
            "notification-url": "https://packagist.org/downloads/",
            "license": [
                "MIT"
            ],
            "description": "Long-living MySQL connection for daemon.",
            "homepage": "http://www.workerman.net",
            "keywords": [
                "mysql",
                "pdo",
                "pdo_mysql"
            ],
            "time": "2018-03-06T06:20:23+00:00"
        },
        {
            "name": "workerman/workerman",
            "version": "v3.5.18",
            "source": {
                "type": "git",
                "url": "https://github.com/walkor/Workerman.git",
                "reference": "f615edc0a550645778c6f8911830e4e12b0c5d45"
            },
            "dist": {
                "type": "zip",
                "url": "https://api.github.com/repos/walkor/Workerman/zipball/f615edc0a550645778c6f8911830e4e12b0c5d45",
                "reference": "f615edc0a550645778c6f8911830e4e12b0c5d45",
                "shasum": "",
                "mirrors": [
                    {
                        "url": "https://dl.laravel-china.org/%package%/%reference%.%type%",
                        "preferred": true
                    }
                ]
            },
            "require": {
                "php": ">=5.3"
            },
            "suggest": {
                "ext-event": "For better performance. "
            },
            "type": "library",
            "autoload": {
                "psr-4": {
                    "Workerman\\": "./"
                }
            },
            "notification-url": "https://packagist.org/downloads/",
            "license": [
                "MIT"
            ],
            "authors": [
                {
                    "name": "walkor",
                    "email": "walkor@workerman.net",
                    "homepage": "http://www.workerman.net",
                    "role": "Developer"
                }
            ],
            "description": "An asynchronous event driven PHP framework for easily building fast, scalable network applications.",
            "homepage": "http://www.workerman.net",
            "keywords": [
                "asynchronous",
                "event-loop"
            ],
            "time": "2019-01-19T02:36:12+00:00"
        }
    ],
    "packages-dev": [],
    "aliases": [],
    "minimum-stability": "stable",
    "stability-flags": [],
    "prefer-stable": false,
    "prefer-lowest": false,
    "platform": [],
    "platform-dev": []
}
